
Microsoft Visual Studio Solution File, Format Version 12.00
# Visual Studio Version 16
VisualStudioVersion = 16.0.34407.143
MinimumVisualStudioVersion = 10.0.40219.1
Project("{FAE04EC0-301F-11D3-BF4B-00C04F79EFBC}") = "Restart to BIOS", "Restart to BIOS\Restart to BIOS.csproj", "{B50C3050-0861-4D8C-A3BF-F00C40DAB70D}"
EndProject
Global
	GlobalSection(SolutionConfigurationPlatforms) = preSolution
		Debug|Any CPU = Debug|Any CPU
		Release|Any CPU = Release|Any CPU
	EndGlobalSection
	GlobalSection(ProjectConfigurationPlatforms) = postSolution
		{B50C3050-0861-4D8C-A3BF-F00C40DAB70D}.Debug|Any CPU.ActiveCfg = Debug|Any CPU
		{B50C3050-0861-4D8C-A3BF-F00C40DAB70D}.Debug|Any CPU.Build.0 = Debug|Any CPU
		{B50C3050-0861-4D8C-A3BF-F00C40DAB70D}.Release|Any CPU.ActiveCfg = Release|Any CPU
		{B50C3050-0861-4D8C-A3BF-F00C40DAB70D}.Release|Any CPU.Build.0 = Release|Any CPU
	EndGlobalSection
	GlobalSection(SolutionProperties) = preSolution
		HideSolutionNode = FALSE
	EndGlobalSection
	GlobalSection(ExtensibilityGlobals) = postSolution
		SolutionGuid = {A0BF9FBB-B0D4-41AF-BBB7-601E04910637}
	EndGlobalSection
EndGlobal
